{
  "object": {
    "pins": [
      {
        "package": "AtomicSwift",
        "repositoryURL": "https://github.com/MarioIannotta/AtomicSwift.git",
        "state": {
          "branch": null,
          "revision": "e2913c6e873bc60237dd138ba0db9b109016dd80",
          "version": "1.2.1"
        }
      },
      {
        "package": "DNSCoreThreading",
        "repositoryURL": "git@github.com:DoubleNode/DNSCoreThreading.git",
        "state": {
          "branch": null,
          "revision": "59f7fdd6603f67dcf084e0fa279b5a64789eda67",
          "version": "1.0.3"
        }
      },
      {
        "package": "DNSProtocols",
        "repositoryURL": "git@github.com:DoubleNode/DNSProtocols.git",
        "state": {
          "branch": null,
          "revision": "960055d6d34b8d7663e2bf76e2360eab8f27abbb",
          "version": "1.0.5"
        }
      }
    ]
  },
  "version": 1
}
