{
  "object": {
    "pins": [
      {
        "package": "AtomicSwift",
        "repositoryURL": "https://github.com/MarioIannotta/AtomicSwift.git",
        "state": {
          "branch": null,
          "revision": "e2913c6e873bc60237dd138ba0db9b109016dd80",
          "version": "1.2.1"
        }
      },
      {
        "package": "DNSCoreThreading",
        "repositoryURL": "https://github.com/DoubleNode/DNSCoreThreading.git",
        "state": {
          "branch": null,
          "revision": "603a550434ba1bc53a8f09d1c984409db65bba92",
          "version": "1.0.4"
        }
      },
      {
        "package": "DNSProtocols",
        "repositoryURL": "https://github.com/DoubleNode/DNSProtocols.git",
        "state": {
          "branch": null,
          "revision": "7026f486173f7919a6e46672123162ce1d1d1b29",
          "version": "1.0.6"
        }
      }
    ]
  },
  "version": 1
}
